
Microsoft Visual Studio Solution File, Format Version 12.00
# Visual Studio Version 17
VisualStudioVersion = 17.2.32630.192
MinimumVisualStudioVersion = 10.0.40219.1
Project("{FAE04EC0-301F-11D3-BF4B-00C04F79EFBC}") = "SimpleWebshop", "SimpleWebshop.csproj", "{C6A3F77E-05AD-4F48-A3E8-3170592A30BB}"
EndProject
Global
	GlobalSection(SolutionConfigurationPlatforms) = preSolution
		Debug|Any CPU = Debug|Any CPU
		Release|Any CPU = Release|Any CPU
	EndGlobalSection
	GlobalSection(ProjectConfigurationPlatforms) = postSolution
		{C6A3F77E-05AD-4F48-A3E8-3170592A30BB}.Debug|Any CPU.ActiveCfg = Debug|Any CPU
		{C6A3F77E-05AD-4F48-A3E8-3170592A30BB}.Debug|Any CPU.Build.0 = Debug|Any CPU
		{C6A3F77E-05AD-4F48-A3E8-3170592A30BB}.Release|Any CPU.ActiveCfg = Release|Any CPU
		{C6A3F77E-05AD-4F48-A3E8-3170592A30BB}.Release|Any CPU.Build.0 = Release|Any CPU
	EndGlobalSection
	GlobalSection(SolutionProperties) = preSolution
		HideSolutionNode = FALSE
	EndGlobalSection
	GlobalSection(ExtensibilityGlobals) = postSolution
		SolutionGuid = {8354D41E-C7A4-4A2B-B857-0FF2411894B7}
	EndGlobalSection
EndGlobal
